
Microsoft Visual Studio Solution File, Format Version 12.00
# Visual Studio Version 17
VisualStudioVersion = 17.3.32929.385
MinimumVisualStudioVersion = 10.0.40219.1
Project("{FAE04EC0-301F-11D3-BF4B-00C04F79EFBC}") = "to do list mart", "to do list mart\to do list mart.csproj", "{ECFA850E-523D-43FF-87ED-A3F88AD22D5A}"
EndProject
Global
	GlobalSection(SolutionConfigurationPlatforms) = preSolution
		Debug|Any CPU = Debug|Any CPU
		Release|Any CPU = Release|Any CPU
	EndGlobalSection
	GlobalSection(ProjectConfigurationPlatforms) = postSolution
		{ECFA850E-523D-43FF-87ED-A3F88AD22D5A}.Debug|Any CPU.ActiveCfg = Debug|Any CPU
		{ECFA850E-523D-43FF-87ED-A3F88AD22D5A}.Debug|Any CPU.Build.0 = Debug|Any CPU
		{ECFA850E-523D-43FF-87ED-A3F88AD22D5A}.Release|Any CPU.ActiveCfg = Release|Any CPU
		{ECFA850E-523D-43FF-87ED-A3F88AD22D5A}.Release|Any CPU.Build.0 = Release|Any CPU
	EndGlobalSection
	GlobalSection(SolutionProperties) = preSolution
		HideSolutionNode = FALSE
	EndGlobalSection
	GlobalSection(ExtensibilityGlobals) = postSolution
		SolutionGuid = {D4EDE946-C43F-4666-B026-7F0537269D47}
	EndGlobalSection
EndGlobal
